{
  "originHash" : "83974b54c43da527a737328dd6859d3f401a9732f4e0ca2d1b4345106fe1096d",
  "pins" : [
    {
      "identity" : "alerttoast",
      "kind" : "remoteSourceControl",
      "location" : "https://github.com/elai950/AlertToast.git",
      "state" : {
        "revision" : "b39252eacd159904afd7d718bba0afabb87f2f2f",
        "version" : "1.3.9"
      }
    },
    {
      "identity" : "kractivityindicatorview",
      "kind" : "remoteSourceControl",
      "location" : "https://github.com/krimpedance/KRActivityIndicatorView.git",
      "state" : {
        "revision" : "925de8a9c15d9d7c2ca746dbe198549241b8b2b2",
        "version" : "3.0.8"
      }
    },
    {
      "identity" : "krprogresshud",
      "kind" : "remoteSourceControl",
      "location" : "https://github.com/krimpedance/KRProgressHUD.git",
      "state" : {
        "revision" : "2d6b0246682fce2c8e226235c9cd6065d0b95e00",
        "version" : "3.4.8"
      }
    },
    {
      "identity" : "lottie-spm",
      "kind" : "remoteSourceControl",
      "location" : "https://github.com/airbnb/lottie-spm.git",
      "state" : {
        "revision" : "b842598f1295f3ffa1475b1580672d1fe5b83580",
        "version" : "4.5.0"
      }
    },
    {
      "identity" : "mnemonicswift",
      "kind" : "remoteSourceControl",
      "location" : "https://github.com/zcash-hackworks/MnemonicSwift.git",
      "state" : {
        "revision" : "716a2c32ac2bbd8a1499ac834077df42b75edc85",
        "version" : "2.2.4"
      }
    },
    {
      "identity" : "neumorphic",
      "kind" : "remoteSourceControl",
      "location" : "https://github.com/costachung/neumorphic/",
      "state" : {
        "branch" : "master",
        "revision" : "03c6f7b3d27bfb28a082db2e9ffae45fbc69cb8b"
      }
    },
    {
      "identity" : "notificationbubbles",
      "kind" : "remoteSourceControl",
      "location" : "https://github.com/pacu/NotificationBubbles.git",
      "state" : {
        "revision" : "ae6d47f3a415c9eec5daa8e04d040c0e68654f00",
        "version" : "1.0.0"
      }
    },
    {
      "identity" : "swift-crypto",
      "kind" : "remoteSourceControl",
      "location" : "https://github.com/apple/swift-crypto.git",
      "state" : {
        "revision" : "60f13f60c4d093691934dc6cfdf5f508ada1f894",
        "version" : "2.6.0"
      }
    }
  ],
  "version" : 3
}
